// !$*UTF8*$!
{
	archiveVersion = 1;
	classes = {
	};
	objectVersion = 56;
	objects = {

/* Begin PBXBuildFile section */
		517B674D70BF32F83ADCA5C1 /* Pods_Sports_App.framework in Frameworks */ = {isa = PBXBuildFile; fileRef = 902A691A289403EC724608A0 /* Pods_Sports_App.framework */; };
		C3567BAF2C74E121009C54C5 /* FavoriteViewController.swift in Sources */ = {isa = PBXBuildFile; fileRef = C3567BAE2C74E121009C54C5 /* FavoriteViewController.swift */; };
		C35799F92C74747E00D7BE3E /* AppDelegate.swift in Sources */ = {isa = PBXBuildFile; fileRef = C35799F82C74747E00D7BE3E /* AppDelegate.swift */; };
		C35799FB2C74747E00D7BE3E /* SceneDelegate.swift in Sources */ = {isa = PBXBuildFile; fileRef = C35799FA2C74747E00D7BE3E /* SceneDelegate.swift */; };
		C35799FD2C74747E00D7BE3E /* TabBarViewController.swift in Sources */ = {isa = PBXBuildFile; fileRef = C35799FC2C74747E00D7BE3E /* TabBarViewController.swift */; };
		C3579A002C74747E00D7BE3E /* Main.storyboard in Resources */ = {isa = PBXBuildFile; fileRef = C35799FE2C74747E00D7BE3E /* Main.storyboard */; };
		C3579A022C74748000D7BE3E /* Assets.xcassets in Resources */ = {isa = PBXBuildFile; fileRef = C3579A012C74748000D7BE3E /* Assets.xcassets */; };
		C3579A052C74748000D7BE3E /* LaunchScreen.storyboard in Resources */ = {isa = PBXBuildFile; fileRef = C3579A032C74748000D7BE3E /* LaunchScreen.storyboard */; };
		C3E0E9B12C762702001190E1 /* HomeSports.swift in Sources */ = {isa = PBXBuildFile; fileRef = C3E0E9B02C762702001190E1 /* HomeSports.swift */; };
		C3E0E9B32C762B23001190E1 /* sportModel.swift in Sources */ = {isa = PBXBuildFile; fileRef = C3E0E9B22C762B23001190E1 /* sportModel.swift */; };
		C3E0E9B62C762E1E001190E1 /* HomeViewModel.swift in Sources */ = {isa = PBXBuildFile; fileRef = C3E0E9B52C762E1E001190E1 /* HomeViewModel.swift */; };
		C3E0E9B82C763029001190E1 /* HomeCell.swift in Sources */ = {isa = PBXBuildFile; fileRef = C3E0E9B72C763029001190E1 /* HomeCell.swift */; };
		C3E0E9BD2C76893C001190E1 /* NWService.swift in Sources */ = {isa = PBXBuildFile; fileRef = C3E0E9BC2C76893C001190E1 /* NWService.swift */; };
		C3E0E9C02C768DA7001190E1 /* SportsModels.swift in Sources */ = {isa = PBXBuildFile; fileRef = C3E0E9BF2C768DA7001190E1 /* SportsModels.swift */; };
		C3E0E9CB2C7746D9001190E1 /* LeaguesViewController.swift in Sources */ = {isa = PBXBuildFile; fileRef = C3E0E9CA2C7746D9001190E1 /* LeaguesViewController.swift */; };
		C3E0E9CE2C77716A001190E1 /* LeaguesViewModel.swift in Sources */ = {isa = PBXBuildFile; fileRef = C3E0E9CD2C77716A001190E1 /* LeaguesViewModel.swift */; };
		C3E0E9D02C777B1E001190E1 /* leaguesTableViewCell.swift in Sources */ = {isa = PBXBuildFile; fileRef = C3E0E9CF2C777B1E001190E1 /* leaguesTableViewCell.swift */; };
/* End PBXBuildFile section */

/* Begin PBXFileReference section */
		2A6910706DAFAF3A98FDEE69 /* Pods-Sports_App.debug.xcconfig */ = {isa = PBXFileReference; includeInIndex = 1; lastKnownFileType = text.xcconfig; name = "Pods-Sports_App.debug.xcconfig"; path = "Target Support Files/Pods-Sports_App/Pods-Sports_App.debug.xcconfig"; sourceTree = "<group>"; };
		902A691A289403EC724608A0 /* Pods_Sports_App.framework */ = {isa = PBXFileReference; explicitFileType = wrapper.framework; includeInIndex = 0; path = Pods_Sports_App.framework; sourceTree = BUILT_PRODUCTS_DIR; };
		C3567BAE2C74E121009C54C5 /* FavoriteViewController.swift */ = {isa = PBXFileReference; lastKnownFileType = sourcecode.swift; path = FavoriteViewController.swift; sourceTree = "<group>"; };
		C35799F52C74747E00D7BE3E /* Sports_App.app */ = {isa = PBXFileReference; explicitFileType = wrapper.application; includeInIndex = 0; path = Sports_App.app; sourceTree = BUILT_PRODUCTS_DIR; };
		C35799F82C74747E00D7BE3E /* AppDelegate.swift */ = {isa = PBXFileReference; lastKnownFileType = sourcecode.swift; path = AppDelegate.swift; sourceTree = "<group>"; };
		C35799FA2C74747E00D7BE3E /* SceneDelegate.swift */ = {isa = PBXFileReference; lastKnownFileType = sourcecode.swift; path = SceneDelegate.swift; sourceTree = "<group>"; };
		C35799FC2C74747E00D7BE3E /* TabBarViewController.swift */ = {isa = PBXFileReference; indentWidth = 3; lastKnownFileType = sourcecode.swift; path = TabBarViewController.swift; sourceTree = "<group>"; };
		C35799FF2C74747E00D7BE3E /* Base */ = {isa = PBXFileReference; lastKnownFileType = file.storyboard; name = Base; path = Base.lproj/Main.storyboard; sourceTree = "<group>"; };
		C3579A012C74748000D7BE3E /* Assets.xcassets */ = {isa = PBXFileReference; lastKnownFileType = folder.assetcatalog; path = Assets.xcassets; sourceTree = "<group>"; };
		C3579A042C74748000D7BE3E /* Base */ = {isa = PBXFileReference; lastKnownFileType = file.storyboard; name = Base; path = Base.lproj/LaunchScreen.storyboard; sourceTree = "<group>"; };
		C3579A062C74748000D7BE3E /* Info.plist */ = {isa = PBXFileReference; lastKnownFileType = text.plist.xml; path = Info.plist; sourceTree = "<group>"; };
		C3E0E9B02C762702001190E1 /* HomeSports.swift */ = {isa = PBXFileReference; lastKnownFileType = sourcecode.swift; path = HomeSports.swift; sourceTree = "<group>"; };
		C3E0E9B22C762B23001190E1 /* sportModel.swift */ = {isa = PBXFileReference; lastKnownFileType = sourcecode.swift; path = sportModel.swift; sourceTree = "<group>"; };
		C3E0E9B52C762E1E001190E1 /* HomeViewModel.swift */ = {isa = PBXFileReference; lastKnownFileType = sourcecode.swift; path = HomeViewModel.swift; sourceTree = "<group>"; };
		C3E0E9B72C763029001190E1 /* HomeCell.swift */ = {isa = PBXFileReference; lastKnownFileType = sourcecode.swift; path = HomeCell.swift; sourceTree = "<group>"; };
		C3E0E9BC2C76893C001190E1 /* NWService.swift */ = {isa = PBXFileReference; lastKnownFileType = sourcecode.swift; path = NWService.swift; sourceTree = "<group>"; };
		C3E0E9BF2C768DA7001190E1 /* SportsModels.swift */ = {isa = PBXFileReference; lastKnownFileType = sourcecode.swift; path = SportsModels.swift; sourceTree = "<group>"; };
		C3E0E9CA2C7746D9001190E1 /* LeaguesViewController.swift */ = {isa = PBXFileReference; lastKnownFileType = sourcecode.swift; path = LeaguesViewController.swift; sourceTree = "<group>"; };
		C3E0E9CD2C77716A001190E1 /* LeaguesViewModel.swift */ = {isa = PBXFileReference; lastKnownFileType = sourcecode.swift; path = LeaguesViewModel.swift; sourceTree = "<group>"; };
		C3E0E9CF2C777B1E001190E1 /* leaguesTableViewCell.swift */ = {isa = PBXFileReference; lastKnownFileType = sourcecode.swift; path = leaguesTableViewCell.swift; sourceTree = "<group>"; };
		D8FC29EF02C41D6BD34688A3 /* Pods-Sports_App.release.xcconfig */ = {isa = PBXFileReference; includeInIndex = 1; lastKnownFileType = text.xcconfig; name = "Pods-Sports_App.release.xcconfig"; path = "Target Support Files/Pods-Sports_App/Pods-Sports_App.release.xcconfig"; sourceTree = "<group>"; };
/* End PBXFileReference section */

/* Begin PBXFrameworksBuildPhase section */
		C35799F22C74747E00D7BE3E /* Frameworks */ = {
			isa = PBXFrameworksBuildPhase;
			buildActionMask = 2147483647;
			files = (
				517B674D70BF32F83ADCA5C1 /* Pods_Sports_App.framework in Frameworks */,
			);
			runOnlyForDeploymentPostprocessing = 0;
		};
/* End PBXFrameworksBuildPhase section */

/* Begin PBXGroup section */
		07C2363300531F5770DE0A4B /* Pods */ = {
			isa = PBXGroup;
			children = (
				2A6910706DAFAF3A98FDEE69 /* Pods-Sports_App.debug.xcconfig */,
				D8FC29EF02C41D6BD34688A3 /* Pods-Sports_App.release.xcconfig */,
			);
			path = Pods;
			sourceTree = "<group>";
		};
		46DFE2A2E6CD0D20944B417F /* Frameworks */ = {
			isa = PBXGroup;
			children = (
				902A691A289403EC724608A0 /* Pods_Sports_App.framework */,
			);
			name = Frameworks;
			sourceTree = "<group>";
		};
		C3567BA42C74DCAF009C54C5 /* View */ = {
			isa = PBXGroup;
			children = (
				C3579A032C74748000D7BE3E /* LaunchScreen.storyboard */,
				C35799FE2C74747E00D7BE3E /* Main.storyboard */,
			);
			path = View;
			sourceTree = "<group>";
		};
		C3567BA52C74DD0F009C54C5 /* Modules */ = {
			isa = PBXGroup;
			children = (
				C3E0E9C72C774679001190E1 /* Leagues */,
				C3567BAB2C74E008009C54C5 /* Favorite */,
				C3567BA62C74DD3D009C54C5 /* Home */,
			);
			path = Modules;
			sourceTree = "<group>";
		};
		C3567BA62C74DD3D009C54C5 /* Home */ = {
			isa = PBXGroup;
			children = (
				C3E0E9B42C762C1D001190E1 /* Model */,
				C3567BA72C74DD6B009C54C5 /* viewModel */,
				C3567BA82C74DD7D009C54C5 /* view */,
			);
			path = Home;
			sourceTree = "<group>";
		};
		C3567BA72C74DD6B009C54C5 /* viewModel */ = {
			isa = PBXGroup;
			children = (
				C3E0E9B52C762E1E001190E1 /* HomeViewModel.swift */,
			);
			path = viewModel;
			sourceTree = "<group>";
		};
		C3567BA82C74DD7D009C54C5 /* view */ = {
			isa = PBXGroup;
			children = (
				C35799FC2C74747E00D7BE3E /* TabBarViewController.swift */,
				C3E0E9B02C762702001190E1 /* HomeSports.swift */,
				C3E0E9B72C763029001190E1 /* HomeCell.swift */,
			);
			path = view;
			sourceTree = "<group>";
		};
		C3567BAB2C74E008009C54C5 /* Favorite */ = {
			isa = PBXGroup;
			children = (
				C3567BAC2C74E01D009C54C5 /* viewModel */,
				C3567BAD2C74E02C009C54C5 /* View */,
			);
			path = Favorite;
			sourceTree = "<group>";
		};
		C3567BAC2C74E01D009C54C5 /* viewModel */ = {
			isa = PBXGroup;
			children = (
			);
			path = viewModel;
			sourceTree = "<group>";
		};
		C3567BAD2C74E02C009C54C5 /* View */ = {
			isa = PBXGroup;
			children = (
				C3567BAE2C74E121009C54C5 /* FavoriteViewController.swift */,
			);
			path = View;
			sourceTree = "<group>";
		};
		C35799EC2C74747E00D7BE3E = {
			isa = PBXGroup;
			children = (
				C35799F72C74747E00D7BE3E /* Sports_App */,
				C35799F62C74747E00D7BE3E /* Products */,
				07C2363300531F5770DE0A4B /* Pods */,
				46DFE2A2E6CD0D20944B417F /* Frameworks */,
			);
			sourceTree = "<group>";
		};
		C35799F62C74747E00D7BE3E /* Products */ = {
			isa = PBXGroup;
			children = (
				C35799F52C74747E00D7BE3E /* Sports_App.app */,
			);
			name = Products;
			sourceTree = "<group>";
		};
		C35799F72C74747E00D7BE3E /* Sports_App */ = {
			isa = PBXGroup;
			children = (
				C3E0E9B92C7688E5001190E1 /* Services */,
				C3567BA42C74DCAF009C54C5 /* View */,
				C3567BA52C74DD0F009C54C5 /* Modules */,
				C35799FA2C74747E00D7BE3E /* SceneDelegate.swift */,
				C35799F82C74747E00D7BE3E /* AppDelegate.swift */,
				C3579A012C74748000D7BE3E /* Assets.xcassets */,
				C3579A062C74748000D7BE3E /* Info.plist */,
			);
			path = Sports_App;
			sourceTree = "<group>";
		};
		C3E0E9B42C762C1D001190E1 /* Model */ = {
			isa = PBXGroup;
			children = (
				C3E0E9B22C762B23001190E1 /* sportModel.swift */,
			);
			path = Model;
			sourceTree = "<group>";
		};
		C3E0E9B92C7688E5001190E1 /* Services */ = {
			isa = PBXGroup;
			children = (
				C3E0E9BB2C768909001190E1 /* Remote */,
				C3E0E9BA2C7688F5001190E1 /* Local */,
			);
			path = Services;
			sourceTree = "<group>";
		};
		C3E0E9BA2C7688F5001190E1 /* Local */ = {
			isa = PBXGroup;
			children = (
			);
			path = Local;
			sourceTree = "<group>";
		};
		C3E0E9BB2C768909001190E1 /* Remote */ = {
			isa = PBXGroup;
			children = (
				C3E0E9BC2C76893C001190E1 /* NWService.swift */,
			);
			path = Remote;
			sourceTree = "<group>";
		};
		C3E0E9BE2C768D61001190E1 /* Models */ = {
			isa = PBXGroup;
			children = (
				C3E0E9BF2C768DA7001190E1 /* SportsModels.swift */,
			);
			path = Models;
			sourceTree = "<group>";
		};
		C3E0E9C72C774679001190E1 /* Leagues */ = {
			isa = PBXGroup;
			children = (
				C3E0E9BE2C768D61001190E1 /* Models */,
				C3E0E9C92C7746B6001190E1 /* ViewModel */,
				C3E0E9C82C77469B001190E1 /* View */,
			);
			path = Leagues;
			sourceTree = "<group>";
		};
		C3E0E9C82C77469B001190E1 /* View */ = {
			isa = PBXGroup;
			children = (
				C3E0E9CA2C7746D9001190E1 /* LeaguesViewController.swift */,
				C3E0E9CF2C777B1E001190E1 /* leaguesTableViewCell.swift */,
			);
			path = View;
			sourceTree = "<group>";
		};
		C3E0E9C92C7746B6001190E1 /* ViewModel */ = {
			isa = PBXGroup;
			children = (
				C3E0E9CD2C77716A001190E1 /* LeaguesViewModel.swift */,
			);
			path = ViewModel;
			sourceTree = "<group>";
		};
/* End PBXGroup section */

/* Begin PBXNativeTarget section */
		C35799F42C74747E00D7BE3E /* Sports_App */ = {
			isa = PBXNativeTarget;
			buildConfigurationList = C3579A092C74748000D7BE3E /* Build configuration list for PBXNativeTarget "Sports_App" */;
			buildPhases = (
				C1EDA7E495C27F71B1EE9A5E /* [CP] Check Pods Manifest.lock */,
				C35799F12C74747E00D7BE3E /* Sources */,
				C35799F22C74747E00D7BE3E /* Frameworks */,
				C35799F32C74747E00D7BE3E /* Resources */,
				4FF98AC50F3620FE4503451C /* [CP] Embed Pods Frameworks */,
			);
			buildRules = (
			);
			dependencies = (
			);
			name = Sports_App;
			productName = Sports_App;
			productReference = C35799F52C74747E00D7BE3E /* Sports_App.app */;
			productType = "com.apple.product-type.application";
		};
/* End PBXNativeTarget section */

/* Begin PBXProject section */
		C35799ED2C74747E00D7BE3E /* Project object */ = {
			isa = PBXProject;
			attributes = {
				BuildIndependentTargetsInParallel = 1;
				LastSwiftUpdateCheck = 1420;
				LastUpgradeCheck = 1420;
				TargetAttributes = {
					C35799F42C74747E00D7BE3E = {
						CreatedOnToolsVersion = 14.2;
					};
				};
			};
			buildConfigurationList = C35799F02C74747E00D7BE3E /* Build configuration list for PBXProject "Sports_App" */;
			compatibilityVersion = "Xcode 14.0";
			developmentRegion = en;
			hasScannedForEncodings = 0;
			knownRegions = (
				en,
				Base,
			);
			mainGroup = C35799EC2C74747E00D7BE3E;
			productRefGroup = C35799F62C74747E00D7BE3E /* Products */;
			projectDirPath = "";
			projectRoot = "";
			targets = (
				C35799F42C74747E00D7BE3E /* Sports_App */,
			);
		};
/* End PBXProject section */

/* Begin PBXResourcesBuildPhase section */
		C35799F32C74747E00D7BE3E /* Resources */ = {
			isa = PBXResourcesBuildPhase;
			buildActionMask = 2147483647;
			files = (
				C3579A052C74748000D7BE3E /* LaunchScreen.storyboard in Resources */,
				C3579A022C74748000D7BE3E /* Assets.xcassets in Resources */,
				C3579A002C74747E00D7BE3E /* Main.storyboard in Resources */,
			);
			runOnlyForDeploymentPostprocessing = 0;
		};
/* End PBXResourcesBuildPhase section */

/* Begin PBXShellScriptBuildPhase section */
		4FF98AC50F3620FE4503451C /* [CP] Embed Pods Frameworks */ = {
			isa = PBXShellScriptBuildPhase;
			buildActionMask = 2147483647;
			files = (
			);
			inputFileListPaths = (
				"${PODS_ROOT}/Target Support Files/Pods-Sports_App/Pods-Sports_App-frameworks-${CONFIGURATION}-input-files.xcfilelist",
			);
			name = "[CP] Embed Pods Frameworks";
			outputFileListPaths = (
				"${PODS_ROOT}/Target Support Files/Pods-Sports_App/Pods-Sports_App-frameworks-${CONFIGURATION}-output-files.xcfilelist",
			);
			runOnlyForDeploymentPostprocessing = 0;
			shellPath = /bin/sh;
			shellScript = "\"${PODS_ROOT}/Target Support Files/Pods-Sports_App/Pods-Sports_App-frameworks.sh\"\n";
			showEnvVarsInLog = 0;
		};
		C1EDA7E495C27F71B1EE9A5E /* [CP] Check Pods Manifest.lock */ = {
			isa = PBXShellScriptBuildPhase;
			buildActionMask = 2147483647;
			files = (
			);
			inputFileListPaths = (
			);
			inputPaths = (
				"${PODS_PODFILE_DIR_PATH}/Podfile.lock",
				"${PODS_ROOT}/Manifest.lock",
			);
			name = "[CP] Check Pods Manifest.lock";
			outputFileListPaths = (
			);
			outputPaths = (
				"$(DERIVED_FILE_DIR)/Pods-Sports_App-checkManifestLockResult.txt",
			);
			runOnlyForDeploymentPostprocessing = 0;
			shellPath = /bin/sh;
			shellScript = "diff \"${PODS_PODFILE_DIR_PATH}/Podfile.lock\" \"${PODS_ROOT}/Manifest.lock\" > /dev/null\nif [ $? != 0 ] ; then\n    # print error to STDERR\n    echo \"error: The sandbox is not in sync with the Podfile.lock. Run 'pod install' or update your CocoaPods installation.\" >&2\n    exit 1\nfi\n# This output is used by Xcode 'outputs' to avoid re-running this script phase.\necho \"SUCCESS\" > \"${SCRIPT_OUTPUT_FILE_0}\"\n";
			showEnvVarsInLog = 0;
		};
/* End PBXShellScriptBuildPhase section */

/* Begin PBXSourcesBuildPhase section */
		C35799F12C74747E00D7BE3E /* Sources */ = {
			isa = PBXSourcesBuildPhase;
			buildActionMask = 2147483647;
			files = (
				C3E0E9C02C768DA7001190E1 /* SportsModels.swift in Sources */,
				C35799FD2C74747E00D7BE3E /* TabBarViewController.swift in Sources */,
				C35799F92C74747E00D7BE3E /* AppDelegate.swift in Sources */,
				C3E0E9CB2C7746D9001190E1 /* LeaguesViewController.swift in Sources */,
				C3E0E9B62C762E1E001190E1 /* HomeViewModel.swift in Sources */,
				C3E0E9B32C762B23001190E1 /* sportModel.swift in Sources */,
				C3567BAF2C74E121009C54C5 /* FavoriteViewController.swift in Sources */,
				C35799FB2C74747E00D7BE3E /* SceneDelegate.swift in Sources */,
				C3E0E9BD2C76893C001190E1 /* NWService.swift in Sources */,
				C3E0E9B82C763029001190E1 /* HomeCell.swift in Sources */,
				C3E0E9D02C777B1E001190E1 /* leaguesTableViewCell.swift in Sources */,
				C3E0E9B12C762702001190E1 /* HomeSports.swift in Sources */,
				C3E0E9CE2C77716A001190E1 /* LeaguesViewModel.swift in Sources */,
			);
			runOnlyForDeploymentPostprocessing = 0;
		};
/* End PBXSourcesBuildPhase section */

/* Begin PBXVariantGroup section */
		C35799FE2C74747E00D7BE3E /* Main.storyboard */ = {
			isa = PBXVariantGroup;
			children = (
				C35799FF2C74747E00D7BE3E /* Base */,
			);
			name = Main.storyboard;
			sourceTree = "<group>";
		};
		C3579A032C74748000D7BE3E /* LaunchScreen.storyboard */ = {
			isa = PBXVariantGroup;
			children = (
				C3579A042C74748000D7BE3E /* Base */,
			);
			name = LaunchScreen.storyboard;
			sourceTree = "<group>";
		};
/* End PBXVariantGroup section */

/* Begin XCBuildConfiguration section */
		C3579A072C74748000D7BE3E /* Debug */ = {
			isa = XCBuildConfiguration;
			buildSettings = {
				ALWAYS_SEARCH_USER_PATHS = NO;
				CLANG_ANALYZER_NONNULL = YES;
				CLANG_ANALYZER_NUMBER_OBJECT_CONVERSION = YES_AGGRESSIVE;
				CLANG_CXX_LANGUAGE_STANDARD = "gnu++20";
				CLANG_ENABLE_MODULES = YES;
				CLANG_ENABLE_OBJC_ARC = YES;
				CLANG_ENABLE_OBJC_WEAK = YES;
				CLANG_WARN_BLOCK_CAPTURE_AUTORELEASING = YES;
				CLANG_WARN_BOOL_CONVERSION = YES;
				CLANG_WARN_COMMA = YES;
				CLANG_WARN_CONSTANT_CONVERSION = YES;
				CLANG_WARN_DEPRECATED_OBJC_IMPLEMENTATIONS = YES;
				CLANG_WARN_DIRECT_OBJC_ISA_USAGE = YES_ERROR;
				CLANG_WARN_DOCUMENTATION_COMMENTS = YES;
				CLANG_WARN_EMPTY_BODY = YES;
				CLANG_WARN_ENUM_CONVERSION = YES;
				CLANG_WARN_INFINITE_RECURSION = YES;
				CLANG_WARN_INT_CONVERSION = YES;
				CLANG_WARN_NON_LITERAL_NULL_CONVERSION = YES;
				CLANG_WARN_OBJC_IMPLICIT_RETAIN_SELF = YES;
				CLANG_WARN_OBJC_LITERAL_CONVERSION = YES;
				CLANG_WARN_OBJC_ROOT_CLASS = YES_ERROR;
				CLANG_WARN_QUOTED_INCLUDE_IN_FRAMEWORK_HEADER = YES;
				CLANG_WARN_RANGE_LOOP_ANALYSIS = YES;
				CLANG_WARN_STRICT_PROTOTYPES = YES;
				CLANG_WARN_SUSPICIOUS_MOVE = YES;
				CLANG_WARN_UNGUARDED_AVAILABILITY = YES_AGGRESSIVE;
				CLANG_WARN_UNREACHABLE_CODE = YES;
				CLANG_WARN__DUPLICATE_METHOD_MATCH = YES;
				COPY_PHASE_STRIP = NO;
				DEBUG_INFORMATION_FORMAT = dwarf;
				ENABLE_STRICT_OBJC_MSGSEND = YES;
				ENABLE_TESTABILITY = YES;
				GCC_C_LANGUAGE_STANDARD = gnu11;
				GCC_DYNAMIC_NO_PIC = NO;
				GCC_NO_COMMON_BLOCKS = YES;
				GCC_OPTIMIZATION_LEVEL = 0;
				GCC_PREPROCESSOR_DEFINITIONS = (
					"DEBUG=1",
					"$(inherited)",
				);
				GCC_WARN_64_TO_32_BIT_CONVERSION = YES;
				GCC_WARN_ABOUT_RETURN_TYPE = YES_ERROR;
				GCC_WARN_UNDECLARED_SELECTOR = YES;
				GCC_WARN_UNINITIALIZED_AUTOS = YES_AGGRESSIVE;
				GCC_WARN_UNUSED_FUNCTION = YES;
				GCC_WARN_UNUSED_VARIABLE = YES;
				IPHONEOS_DEPLOYMENT_TARGET = 16.2;
				MTL_ENABLE_DEBUG_INFO = INCLUDE_SOURCE;
				MTL_FAST_MATH = YES;
				ONLY_ACTIVE_ARCH = YES;
				SDKROOT = iphoneos;
				SWIFT_ACTIVE_COMPILATION_CONDITIONS = DEBUG;
				SWIFT_OPTIMIZATION_LEVEL = "-Onone";
			};
			name = Debug;
		};
		C3579A082C74748000D7BE3E /* Release */ = {
			isa = XCBuildConfiguration;
			buildSettings = {
				ALWAYS_SEARCH_USER_PATHS = NO;
				CLANG_ANALYZER_NONNULL = YES;
				CLANG_ANALYZER_NUMBER_OBJECT_CONVERSION = YES_AGGRESSIVE;
				CLANG_CXX_LANGUAGE_STANDARD = "gnu++20";
				CLANG_ENABLE_MODULES = YES;
				CLANG_ENABLE_OBJC_ARC = YES;
				CLANG_ENABLE_OBJC_WEAK = YES;
				CLANG_WARN_BLOCK_CAPTURE_AUTORELEASING = YES;
				CLANG_WARN_BOOL_CONVERSION = YES;
				CLANG_WARN_COMMA = YES;
				CLANG_WARN_CONSTANT_CONVERSION = YES;
				CLANG_WARN_DEPRECATED_OBJC_IMPLEMENTATIONS = YES;
				CLANG_WARN_DIRECT_OBJC_ISA_USAGE = YES_ERROR;
				CLANG_WARN_DOCUMENTATION_COMMENTS = YES;
				CLANG_WARN_EMPTY_BODY = YES;
				CLANG_WARN_ENUM_CONVERSION = YES;
				CLANG_WARN_INFINITE_RECURSION = YES;
				CLANG_WARN_INT_CONVERSION = YES;
				CLANG_WARN_NON_LITERAL_NULL_CONVERSION = YES;
				CLANG_WARN_OBJC_IMPLICIT_RETAIN_SELF = YES;
				CLANG_WARN_OBJC_LITERAL_CONVERSION = YES;
				CLANG_WARN_OBJC_ROOT_CLASS = YES_ERROR;
				CLANG_WARN_QUOTED_INCLUDE_IN_FRAMEWORK_HEADER = YES;
				CLANG_WARN_RANGE_LOOP_ANALYSIS = YES;
				CLANG_WARN_STRICT_PROTOTYPES = YES;
				CLANG_WARN_SUSPICIOUS_MOVE = YES;
				CLANG_WARN_UNGUARDED_AVAILABILITY = YES_AGGRESSIVE;
				CLANG_WARN_UNREACHABLE_CODE = YES;
				CLANG_WARN__DUPLICATE_METHOD_MATCH = YES;
				COPY_PHASE_STRIP = NO;
				DEBUG_INFORMATION_FORMAT = "dwarf-with-dsym";
				ENABLE_NS_ASSERTIONS = NO;
				ENABLE_STRICT_OBJC_MSGSEND = YES;
				GCC_C_LANGUAGE_STANDARD = gnu11;
				GCC_NO_COMMON_BLOCKS = YES;
				GCC_WARN_64_TO_32_BIT_CONVERSION = YES;
				GCC_WARN_ABOUT_RETURN_TYPE = YES_ERROR;
				GCC_WARN_UNDECLARED_SELECTOR = YES;
				GCC_WARN_UNINITIALIZED_AUTOS = YES_AGGRESSIVE;
				GCC_WARN_UNUSED_FUNCTION = YES;
				GCC_WARN_UNUSED_VARIABLE = YES;
				IPHONEOS_DEPLOYMENT_TARGET = 16.2;
				MTL_ENABLE_DEBUG_INFO = NO;
				MTL_FAST_MATH = YES;
				SDKROOT = iphoneos;
				SWIFT_COMPILATION_MODE = wholemodule;
				SWIFT_OPTIMIZATION_LEVEL = "-O";
				VALIDATE_PRODUCT = YES;
			};
			name = Release;
		};
		C3579A0A2C74748000D7BE3E /* Debug */ = {
			isa = XCBuildConfiguration;
			baseConfigurationReference = 2A6910706DAFAF3A98FDEE69 /* Pods-Sports_App.debug.xcconfig */;
			buildSettings = {
				ASSETCATALOG_COMPILER_APPICON_NAME = AppIcon;
				ASSETCATALOG_COMPILER_GLOBAL_ACCENT_COLOR_NAME = AccentColor;
				CODE_SIGN_STYLE = Automatic;
				CURRENT_PROJECT_VERSION = 1;
				GENERATE_INFOPLIST_FILE = YES;
				INFOPLIST_FILE = Sports_App/Info.plist;
				INFOPLIST_KEY_UIApplicationSupportsIndirectInputEvents = YES;
				INFOPLIST_KEY_UILaunchStoryboardName = LaunchScreen;
				INFOPLIST_KEY_UIMainStoryboardFile = Main;
				INFOPLIST_KEY_UISupportedInterfaceOrientations_iPad = "UIInterfaceOrientationPortrait UIInterfaceOrientationPortraitUpsideDown UIInterfaceOrientationLandscapeLeft UIInterfaceOrientationLandscapeRight";
				INFOPLIST_KEY_UISupportedInterfaceOrientations_iPhone = "UIInterfaceOrientationPortrait UIInterfaceOrientationLandscapeLeft UIInterfaceOrientationLandscapeRight";
				LD_RUNPATH_SEARCH_PATHS = (
					"$(inherited)",
					"@executable_path/Frameworks",
				);
				MARKETING_VERSION = 1.0;
				PRODUCT_BUNDLE_IDENTIFIER = "iTi.Sports-App";
				PRODUCT_NAME = "$(TARGET_NAME)";
				SWIFT_EMIT_LOC_STRINGS = YES;
				SWIFT_VERSION = 5.0;
				TARGETED_DEVICE_FAMILY = "1,2";
			};
			name = Debug;
		};
		C3579A0B2C74748000D7BE3E /* Release */ = {
			isa = XCBuildConfiguration;
			baseConfigurationReference = D8FC29EF02C41D6BD34688A3 /* Pods-Sports_App.release.xcconfig */;
			buildSettings = {
				ASSETCATALOG_COMPILER_APPICON_NAME = AppIcon;
				ASSETCATALOG_COMPILER_GLOBAL_ACCENT_COLOR_NAME = AccentColor;
				CODE_SIGN_STYLE = Automatic;
				CURRENT_PROJECT_VERSION = 1;
				GENERATE_INFOPLIST_FILE = YES;
				INFOPLIST_FILE = Sports_App/Info.plist;
				INFOPLIST_KEY_UIApplicationSupportsIndirectInputEvents = YES;
				INFOPLIST_KEY_UILaunchStoryboardName = LaunchScreen;
				INFOPLIST_KEY_UIMainStoryboardFile = Main;
				INFOPLIST_KEY_UISupportedInterfaceOrientations_iPad = "UIInterfaceOrientationPortrait UIInterfaceOrientationPortraitUpsideDown UIInterfaceOrientationLandscapeLeft UIInterfaceOrientationLandscapeRight";
				INFOPLIST_KEY_UISupportedInterfaceOrientations_iPhone = "UIInterfaceOrientationPortrait UIInterfaceOrientationLandscapeLeft UIInterfaceOrientationLandscapeRight";
				LD_RUNPATH_SEARCH_PATHS = (
					"$(inherited)",
					"@executable_path/Frameworks",
				);
				MARKETING_VERSION = 1.0;
				PRODUCT_BUNDLE_IDENTIFIER = "iTi.Sports-App";
				PRODUCT_NAME = "$(TARGET_NAME)";
				SWIFT_EMIT_LOC_STRINGS = YES;
				SWIFT_VERSION = 5.0;
				TARGETED_DEVICE_FAMILY = "1,2";
			};
			name = Release;
		};
/* End XCBuildConfiguration section */

/* Begin XCConfigurationList section */
		C35799F02C74747E00D7BE3E /* Build configuration list for PBXProject "Sports_App" */ = {
			isa = XCConfigurationList;
			buildConfigurations = (
				C3579A072C74748000D7BE3E /* Debug */,
				C3579A082C74748000D7BE3E /* Release */,
			);
			defaultConfigurationIsVisible = 0;
			defaultConfigurationName = Release;
		};
		C3579A092C74748000D7BE3E /* Build configuration list for PBXNativeTarget "Sports_App" */ = {
			isa = XCConfigurationList;
			buildConfigurations = (
				C3579A0A2C74748000D7BE3E /* Debug */,
				C3579A0B2C74748000D7BE3E /* Release */,
			);
			defaultConfigurationIsVisible = 0;
			defaultConfigurationName = Release;
		};
/* End XCConfigurationList section */
	};
	rootObject = C35799ED2C74747E00D7BE3E /* Project object */;
}
