// !$*UTF8*$!
{
	archiveVersion = 1;
	classes = {
	};
	objectVersion = 56;
	objects = {

/* Begin PBXBuildFile section */
		517B674D70BF32F83ADCA5C1 /* Pods_Sports_App.framework in Frameworks */ = {isa = PBXBuildFile; fileRef = 902A691A289403EC724608A0 /* Pods_Sports_App.framework */; };
		C313AAB12C7D008B00E2A49A /* LeaguesDetailsCollectionViewController.swift in Sources */ = {isa = PBXBuildFile; fileRef = C313AAB02C7D008B00E2A49A /* LeaguesDetailsCollectionViewController.swift */; };
		C313AAD82C7E262600E2A49A /* EventsModel.swift in Sources */ = {isa = PBXBuildFile; fileRef = C313AAD72C7E262600E2A49A /* EventsModel.swift */; };
		C313AADA2C7E49FD00E2A49A /* EventsNWService.swift in Sources */ = {isa = PBXBuildFile; fileRef = C313AAD92C7E49FD00E2A49A /* EventsNWService.swift */; };
		C313AADD2C7E585300E2A49A /* DetailsViewModel.swift in Sources */ = {isa = PBXBuildFile; fileRef = C313AADC2C7E585300E2A49A /* DetailsViewModel.swift */; };
		C313AAE12C7E837700E2A49A /* TitleCollectionViewCell.swift in Sources */ = {isa = PBXBuildFile; fileRef = C313AAE02C7E837700E2A49A /* TitleCollectionViewCell.swift */; };
		C313AAE32C7F2A8B00E2A49A /* UpComingCollectionViewCell.swift in Sources */ = {isa = PBXBuildFile; fileRef = C313AAE22C7F2A8B00E2A49A /* UpComingCollectionViewCell.swift */; };
		C318E2A62C84599C00308BE3 /* TeamsCollectionViewCell.swift in Sources */ = {isa = PBXBuildFile; fileRef = C318E2A52C84599C00308BE3 /* TeamsCollectionViewCell.swift */; };
		C318E2A82C847BF900308BE3 /* FavCoredata.swift in Sources */ = {isa = PBXBuildFile; fileRef = C318E2A72C847BF900308BE3 /* FavCoredata.swift */; };
		C318E2AA2C84BFF400308BE3 /* FavViewModel.swift in Sources */ = {isa = PBXBuildFile; fileRef = C318E2A92C84BFF400308BE3 /* FavViewModel.swift */; };
		C318E2AC2C85BE4500308BE3 /* FavouritesTableViewCell.swift in Sources */ = {isa = PBXBuildFile; fileRef = C318E2AB2C85BE4500308BE3 /* FavouritesTableViewCell.swift */; };
		C3567BAF2C74E121009C54C5 /* FavouriteViewController.swift in Sources */ = {isa = PBXBuildFile; fileRef = C3567BAE2C74E121009C54C5 /* FavouriteViewController.swift */; };
		C35799F92C74747E00D7BE3E /* AppDelegate.swift in Sources */ = {isa = PBXBuildFile; fileRef = C35799F82C74747E00D7BE3E /* AppDelegate.swift */; };
		C35799FB2C74747E00D7BE3E /* SceneDelegate.swift in Sources */ = {isa = PBXBuildFile; fileRef = C35799FA2C74747E00D7BE3E /* SceneDelegate.swift */; };
		C35799FD2C74747E00D7BE3E /* TabBarViewController.swift in Sources */ = {isa = PBXBuildFile; fileRef = C35799FC2C74747E00D7BE3E /* TabBarViewController.swift */; };
		C3579A002C74747E00D7BE3E /* Main.storyboard in Resources */ = {isa = PBXBuildFile; fileRef = C35799FE2C74747E00D7BE3E /* Main.storyboard */; };
		C3579A022C74748000D7BE3E /* Assets.xcassets in Resources */ = {isa = PBXBuildFile; fileRef = C3579A012C74748000D7BE3E /* Assets.xcassets */; };
		C3579A052C74748000D7BE3E /* LaunchScreen.storyboard in Resources */ = {isa = PBXBuildFile; fileRef = C3579A032C74748000D7BE3E /* LaunchScreen.storyboard */; };
		C36B41452C90CA0500CCBDBC /* TeamModel.swift in Sources */ = {isa = PBXBuildFile; fileRef = C36B41442C90CA0500CCBDBC /* TeamModel.swift */; };
		C36B41482C90CFD000CCBDBC /* TeamDetailsViewModel.swift in Sources */ = {isa = PBXBuildFile; fileRef = C36B41472C90CFD000CCBDBC /* TeamDetailsViewModel.swift */; };
		C36B414A2C924B9400CCBDBC /* TeamDetailsTableViewCell.swift in Sources */ = {isa = PBXBuildFile; fileRef = C36B41492C924B9300CCBDBC /* TeamDetailsTableViewCell.swift */; };
		C36B41522C934F0200CCBDBC /* LeaguesTests.swift in Sources */ = {isa = PBXBuildFile; fileRef = C36B41512C934F0200CCBDBC /* LeaguesTests.swift */; };
		C36B415B2C94CB8300CCBDBC /* LeaguesMocking.swift in Sources */ = {isa = PBXBuildFile; fileRef = C36B415A2C94CB8300CCBDBC /* LeaguesMocking.swift */; };
		C36B415E2C94F79A00CCBDBC /* testMockingLeagues.swift in Sources */ = {isa = PBXBuildFile; fileRef = C36B415D2C94F79A00CCBDBC /* testMockingLeagues.swift */; };
		C36B41612C95DD6300CCBDBC /* EventsTests.swift in Sources */ = {isa = PBXBuildFile; fileRef = C36B41602C95DD6300CCBDBC /* EventsTests.swift */; };
		C36B41642C9626F200CCBDBC /* EventsMocking.swift in Sources */ = {isa = PBXBuildFile; fileRef = C36B41632C9626F200CCBDBC /* EventsMocking.swift */; };
		C36B41662C962F6F00CCBDBC /* testMockingEvents.swift in Sources */ = {isa = PBXBuildFile; fileRef = C36B41652C962F6F00CCBDBC /* testMockingEvents.swift */; };
		C36B41682C9638BD00CCBDBC /* LatestTests.swift in Sources */ = {isa = PBXBuildFile; fileRef = C36B41672C9638BD00CCBDBC /* LatestTests.swift */; };
		C36B416B2C963C8400CCBDBC /* LatestMocking.swift in Sources */ = {isa = PBXBuildFile; fileRef = C36B416A2C963C8400CCBDBC /* LatestMocking.swift */; };
		C36B416D2C963F7200CCBDBC /* testMockingLatest.swift in Sources */ = {isa = PBXBuildFile; fileRef = C36B416C2C963F7200CCBDBC /* testMockingLatest.swift */; };
		C36B416F2C9640F300CCBDBC /* TeamDetailsTests.swift in Sources */ = {isa = PBXBuildFile; fileRef = C36B416E2C9640F300CCBDBC /* TeamDetailsTests.swift */; };
		C36B41742C96454900CCBDBC /* TeamDetMocking.swift in Sources */ = {isa = PBXBuildFile; fileRef = C36B41732C96454900CCBDBC /* TeamDetMocking.swift */; };
		C36B41762C96467900CCBDBC /* testMockingTeamDet.swift in Sources */ = {isa = PBXBuildFile; fileRef = C36B41752C96467900CCBDBC /* testMockingTeamDet.swift */; };
		C37E6F5B2C81AEE400983868 /* LatestResultNWServices.swift in Sources */ = {isa = PBXBuildFile; fileRef = C37E6F5A2C81AEE400983868 /* LatestResultNWServices.swift */; };
		C37E6F5D2C81C4A600983868 /* LatestCollectionViewCell.swift in Sources */ = {isa = PBXBuildFile; fileRef = C37E6F5C2C81C4A600983868 /* LatestCollectionViewCell.swift */; };
		C37E6F5F2C82488900983868 /* TeamsNWService.swift in Sources */ = {isa = PBXBuildFile; fileRef = C37E6F5E2C82488900983868 /* TeamsNWService.swift */; };
		C37E6F652C838A2200983868 /* Coredata.xcdatamodeld in Sources */ = {isa = PBXBuildFile; fileRef = C37E6F632C838A2200983868 /* Coredata.xcdatamodeld */; };
		C3907F362C8F938100F4B248 /* TeamDetailsTableViewController.swift in Sources */ = {isa = PBXBuildFile; fileRef = C3907F352C8F938100F4B248 /* TeamDetailsTableViewController.swift */; };
		C3E0E9B12C762702001190E1 /* HomeSports.swift in Sources */ = {isa = PBXBuildFile; fileRef = C3E0E9B02C762702001190E1 /* HomeSports.swift */; };
		C3E0E9B32C762B23001190E1 /* sportModel.swift in Sources */ = {isa = PBXBuildFile; fileRef = C3E0E9B22C762B23001190E1 /* sportModel.swift */; };
		C3E0E9B62C762E1E001190E1 /* HomeViewModel.swift in Sources */ = {isa = PBXBuildFile; fileRef = C3E0E9B52C762E1E001190E1 /* HomeViewModel.swift */; };
		C3E0E9B82C763029001190E1 /* HomeCell.swift in Sources */ = {isa = PBXBuildFile; fileRef = C3E0E9B72C763029001190E1 /* HomeCell.swift */; };
		C3E0E9BD2C76893C001190E1 /* LeaguesNWService.swift in Sources */ = {isa = PBXBuildFile; fileRef = C3E0E9BC2C76893C001190E1 /* LeaguesNWService.swift */; };
		C3E0E9C02C768DA7001190E1 /* SportsModels.swift in Sources */ = {isa = PBXBuildFile; fileRef = C3E0E9BF2C768DA7001190E1 /* SportsModels.swift */; };
		C3E0E9CB2C7746D9001190E1 /* LeaguesViewController.swift in Sources */ = {isa = PBXBuildFile; fileRef = C3E0E9CA2C7746D9001190E1 /* LeaguesViewController.swift */; };
		C3E0E9CE2C77716A001190E1 /* LeaguesViewModel.swift in Sources */ = {isa = PBXBuildFile; fileRef = C3E0E9CD2C77716A001190E1 /* LeaguesViewModel.swift */; };
		C3E0E9D02C777B1E001190E1 /* leaguesTableViewCell.swift in Sources */ = {isa = PBXBuildFile; fileRef = C3E0E9CF2C777B1E001190E1 /* leaguesTableViewCell.swift */; };
/* End PBXBuildFile section */

/* Begin PBXContainerItemProxy section */
		C36B41532C934F0200CCBDBC /* PBXContainerItemProxy */ = {
			isa = PBXContainerItemProxy;
			containerPortal = C35799ED2C74747E00D7BE3E /* Project object */;
			proxyType = 1;
			remoteGlobalIDString = C35799F42C74747E00D7BE3E;
			remoteInfo = Sports_App;
		};
/* End PBXContainerItemProxy section */

/* Begin PBXFileReference section */
		2A6910706DAFAF3A98FDEE69 /* Pods-Sports_App.debug.xcconfig */ = {isa = PBXFileReference; includeInIndex = 1; lastKnownFileType = text.xcconfig; name = "Pods-Sports_App.debug.xcconfig"; path = "Target Support Files/Pods-Sports_App/Pods-Sports_App.debug.xcconfig"; sourceTree = "<group>"; };
		902A691A289403EC724608A0 /* Pods_Sports_App.framework */ = {isa = PBXFileReference; explicitFileType = wrapper.framework; includeInIndex = 0; path = Pods_Sports_App.framework; sourceTree = BUILT_PRODUCTS_DIR; };
		C313AAB02C7D008B00E2A49A /* LeaguesDetailsCollectionViewController.swift */ = {isa = PBXFileReference; lastKnownFileType = sourcecode.swift; path = LeaguesDetailsCollectionViewController.swift; sourceTree = "<group>"; };
		C313AAD72C7E262600E2A49A /* EventsModel.swift */ = {isa = PBXFileReference; lastKnownFileType = sourcecode.swift; path = EventsModel.swift; sourceTree = "<group>"; };
		C313AAD92C7E49FD00E2A49A /* EventsNWService.swift */ = {isa = PBXFileReference; lastKnownFileType = sourcecode.swift; path = EventsNWService.swift; sourceTree = "<group>"; };
		C313AADC2C7E585300E2A49A /* DetailsViewModel.swift */ = {isa = PBXFileReference; lastKnownFileType = sourcecode.swift; path = DetailsViewModel.swift; sourceTree = "<group>"; };
		C313AAE02C7E837700E2A49A /* TitleCollectionViewCell.swift */ = {isa = PBXFileReference; lastKnownFileType = sourcecode.swift; path = TitleCollectionViewCell.swift; sourceTree = "<group>"; };
		C313AAE22C7F2A8B00E2A49A /* UpComingCollectionViewCell.swift */ = {isa = PBXFileReference; lastKnownFileType = sourcecode.swift; path = UpComingCollectionViewCell.swift; sourceTree = "<group>"; };
		C318E2A52C84599C00308BE3 /* TeamsCollectionViewCell.swift */ = {isa = PBXFileReference; lastKnownFileType = sourcecode.swift; path = TeamsCollectionViewCell.swift; sourceTree = "<group>"; };
		C318E2A72C847BF900308BE3 /* FavCoredata.swift */ = {isa = PBXFileReference; lastKnownFileType = sourcecode.swift; path = FavCoredata.swift; sourceTree = "<group>"; };
		C318E2A92C84BFF400308BE3 /* FavViewModel.swift */ = {isa = PBXFileReference; lastKnownFileType = sourcecode.swift; path = FavViewModel.swift; sourceTree = "<group>"; };
		C318E2AB2C85BE4500308BE3 /* FavouritesTableViewCell.swift */ = {isa = PBXFileReference; lastKnownFileType = sourcecode.swift; path = FavouritesTableViewCell.swift; sourceTree = "<group>"; };
		C3567BAE2C74E121009C54C5 /* FavouriteViewController.swift */ = {isa = PBXFileReference; lastKnownFileType = sourcecode.swift; path = FavouriteViewController.swift; sourceTree = "<group>"; };
		C35799F52C74747E00D7BE3E /* Sports_App.app */ = {isa = PBXFileReference; explicitFileType = wrapper.application; includeInIndex = 0; path = Sports_App.app; sourceTree = BUILT_PRODUCTS_DIR; };
		C35799F82C74747E00D7BE3E /* AppDelegate.swift */ = {isa = PBXFileReference; lastKnownFileType = sourcecode.swift; path = AppDelegate.swift; sourceTree = "<group>"; };
		C35799FA2C74747E00D7BE3E /* SceneDelegate.swift */ = {isa = PBXFileReference; lastKnownFileType = sourcecode.swift; path = SceneDelegate.swift; sourceTree = "<group>"; };
		C35799FC2C74747E00D7BE3E /* TabBarViewController.swift */ = {isa = PBXFileReference; indentWidth = 3; lastKnownFileType = sourcecode.swift; path = TabBarViewController.swift; sourceTree = "<group>"; };
		C35799FF2C74747E00D7BE3E /* Base */ = {isa = PBXFileReference; lastKnownFileType = file.storyboard; name = Base; path = Base.lproj/Main.storyboard; sourceTree = "<group>"; };
		C3579A012C74748000D7BE3E /* Assets.xcassets */ = {isa = PBXFileReference; lastKnownFileType = folder.assetcatalog; path = Assets.xcassets; sourceTree = "<group>"; };
		C3579A042C74748000D7BE3E /* Base */ = {isa = PBXFileReference; lastKnownFileType = file.storyboard; name = Base; path = Base.lproj/LaunchScreen.storyboard; sourceTree = "<group>"; };
		C3579A062C74748000D7BE3E /* Info.plist */ = {isa = PBXFileReference; lastKnownFileType = text.plist.xml; path = Info.plist; sourceTree = "<group>"; };
		C36B41442C90CA0500CCBDBC /* TeamModel.swift */ = {isa = PBXFileReference; lastKnownFileType = sourcecode.swift; path = TeamModel.swift; sourceTree = "<group>"; };
		C36B41472C90CFD000CCBDBC /* TeamDetailsViewModel.swift */ = {isa = PBXFileReference; lastKnownFileType = sourcecode.swift; path = TeamDetailsViewModel.swift; sourceTree = "<group>"; };
		C36B41492C924B9300CCBDBC /* TeamDetailsTableViewCell.swift */ = {isa = PBXFileReference; lastKnownFileType = sourcecode.swift; path = TeamDetailsTableViewCell.swift; sourceTree = "<group>"; };
		C36B414F2C934F0100CCBDBC /* Sports_AppTests.xctest */ = {isa = PBXFileReference; explicitFileType = wrapper.cfbundle; includeInIndex = 0; path = Sports_AppTests.xctest; sourceTree = BUILT_PRODUCTS_DIR; };
		C36B41512C934F0200CCBDBC /* LeaguesTests.swift */ = {isa = PBXFileReference; lastKnownFileType = sourcecode.swift; path = LeaguesTests.swift; sourceTree = "<group>"; };
		C36B415A2C94CB8300CCBDBC /* LeaguesMocking.swift */ = {isa = PBXFileReference; lastKnownFileType = sourcecode.swift; path = LeaguesMocking.swift; sourceTree = "<group>"; };
		C36B415D2C94F79A00CCBDBC /* testMockingLeagues.swift */ = {isa = PBXFileReference; lastKnownFileType = sourcecode.swift; path = testMockingLeagues.swift; sourceTree = "<group>"; };
		C36B41602C95DD6300CCBDBC /* EventsTests.swift */ = {isa = PBXFileReference; lastKnownFileType = sourcecode.swift; path = EventsTests.swift; sourceTree = "<group>"; };
		C36B41632C9626F200CCBDBC /* EventsMocking.swift */ = {isa = PBXFileReference; lastKnownFileType = sourcecode.swift; path = EventsMocking.swift; sourceTree = "<group>"; };
		C36B41652C962F6F00CCBDBC /* testMockingEvents.swift */ = {isa = PBXFileReference; lastKnownFileType = sourcecode.swift; path = testMockingEvents.swift; sourceTree = "<group>"; };
		C36B41672C9638BD00CCBDBC /* LatestTests.swift */ = {isa = PBXFileReference; lastKnownFileType = sourcecode.swift; path = LatestTests.swift; sourceTree = "<group>"; };
		C36B416A2C963C8400CCBDBC /* LatestMocking.swift */ = {isa = PBXFileReference; lastKnownFileType = sourcecode.swift; path = LatestMocking.swift; sourceTree = "<group>"; };
		C36B416C2C963F7200CCBDBC /* testMockingLatest.swift */ = {isa = PBXFileReference; lastKnownFileType = sourcecode.swift; path = testMockingLatest.swift; sourceTree = "<group>"; };
		C36B416E2C9640F300CCBDBC /* TeamDetailsTests.swift */ = {isa = PBXFileReference; lastKnownFileType = sourcecode.swift; path = TeamDetailsTests.swift; sourceTree = "<group>"; };
		C36B41732C96454900CCBDBC /* TeamDetMocking.swift */ = {isa = PBXFileReference; lastKnownFileType = sourcecode.swift; path = TeamDetMocking.swift; sourceTree = "<group>"; };
		C36B41752C96467900CCBDBC /* testMockingTeamDet.swift */ = {isa = PBXFileReference; lastKnownFileType = sourcecode.swift; path = testMockingTeamDet.swift; sourceTree = "<group>"; };
		C37E6F5A2C81AEE400983868 /* LatestResultNWServices.swift */ = {isa = PBXFileReference; lastKnownFileType = sourcecode.swift; path = LatestResultNWServices.swift; sourceTree = "<group>"; };
		C37E6F5C2C81C4A600983868 /* LatestCollectionViewCell.swift */ = {isa = PBXFileReference; lastKnownFileType = sourcecode.swift; path = LatestCollectionViewCell.swift; sourceTree = "<group>"; };
		C37E6F5E2C82488900983868 /* TeamsNWService.swift */ = {isa = PBXFileReference; lastKnownFileType = sourcecode.swift; path = TeamsNWService.swift; sourceTree = "<group>"; };
		C37E6F642C838A2200983868 /* Coredata.xcdatamodel */ = {isa = PBXFileReference; lastKnownFileType = wrapper.xcdatamodel; path = Coredata.xcdatamodel; sourceTree = "<group>"; };
		C3907F352C8F938100F4B248 /* TeamDetailsTableViewController.swift */ = {isa = PBXFileReference; lastKnownFileType = sourcecode.swift; path = TeamDetailsTableViewController.swift; sourceTree = "<group>"; };
		C3E0E9B02C762702001190E1 /* HomeSports.swift */ = {isa = PBXFileReference; lastKnownFileType = sourcecode.swift; path = HomeSports.swift; sourceTree = "<group>"; };
		C3E0E9B22C762B23001190E1 /* sportModel.swift */ = {isa = PBXFileReference; lastKnownFileType = sourcecode.swift; path = sportModel.swift; sourceTree = "<group>"; };
		C3E0E9B52C762E1E001190E1 /* HomeViewModel.swift */ = {isa = PBXFileReference; lastKnownFileType = sourcecode.swift; path = HomeViewModel.swift; sourceTree = "<group>"; };
		C3E0E9B72C763029001190E1 /* HomeCell.swift */ = {isa = PBXFileReference; lastKnownFileType = sourcecode.swift; path = HomeCell.swift; sourceTree = "<group>"; };
		C3E0E9BC2C76893C001190E1 /* LeaguesNWService.swift */ = {isa = PBXFileReference; lastKnownFileType = sourcecode.swift; path = LeaguesNWService.swift; sourceTree = "<group>"; };
		C3E0E9BF2C768DA7001190E1 /* SportsModels.swift */ = {isa = PBXFileReference; lastKnownFileType = sourcecode.swift; path = SportsModels.swift; sourceTree = "<group>"; };
		C3E0E9CA2C7746D9001190E1 /* LeaguesViewController.swift */ = {isa = PBXFileReference; lastKnownFileType = sourcecode.swift; path = LeaguesViewController.swift; sourceTree = "<group>"; };
		C3E0E9CD2C77716A001190E1 /* LeaguesViewModel.swift */ = {isa = PBXFileReference; lastKnownFileType = sourcecode.swift; path = LeaguesViewModel.swift; sourceTree = "<group>"; };
		C3E0E9CF2C777B1E001190E1 /* leaguesTableViewCell.swift */ = {isa = PBXFileReference; lastKnownFileType = sourcecode.swift; path = leaguesTableViewCell.swift; sourceTree = "<group>"; };
		D8FC29EF02C41D6BD34688A3 /* Pods-Sports_App.release.xcconfig */ = {isa = PBXFileReference; includeInIndex = 1; lastKnownFileType = text.xcconfig; name = "Pods-Sports_App.release.xcconfig"; path = "Target Support Files/Pods-Sports_App/Pods-Sports_App.release.xcconfig"; sourceTree = "<group>"; };
/* End PBXFileReference section */

/* Begin PBXFrameworksBuildPhase section */
		C35799F22C74747E00D7BE3E /* Frameworks */ = {
			isa = PBXFrameworksBuildPhase;
			buildActionMask = 2147483647;
			files = (
				517B674D70BF32F83ADCA5C1 /* Pods_Sports_App.framework in Frameworks */,
			);
			runOnlyForDeploymentPostprocessing = 0;
		};
		C36B414C2C934F0100CCBDBC /* Frameworks */ = {
			isa = PBXFrameworksBuildPhase;
			buildActionMask = 2147483647;
			files = (
			);
			runOnlyForDeploymentPostprocessing = 0;
		};
/* End PBXFrameworksBuildPhase section */

/* Begin PBXGroup section */
		07C2363300531F5770DE0A4B /* Pods */ = {
			isa = PBXGroup;
			children = (
				2A6910706DAFAF3A98FDEE69 /* Pods-Sports_App.debug.xcconfig */,
				D8FC29EF02C41D6BD34688A3 /* Pods-Sports_App.release.xcconfig */,
			);
			path = Pods;
			sourceTree = "<group>";
		};
		46DFE2A2E6CD0D20944B417F /* Frameworks */ = {
			isa = PBXGroup;
			children = (
				902A691A289403EC724608A0 /* Pods_Sports_App.framework */,
			);
			name = Frameworks;
			sourceTree = "<group>";
		};
		C313AAB22C7D00A400E2A49A /* leaguesDetails */ = {
			isa = PBXGroup;
			children = (
				C313AAD52C7E25CD00E2A49A /* Models */,
				C313AADB2C7E581200E2A49A /* ViewModel */,
				C313AAB32C7D00B900E2A49A /* View */,
			);
			path = leaguesDetails;
			sourceTree = "<group>";
		};
		C313AAB32C7D00B900E2A49A /* View */ = {
			isa = PBXGroup;
			children = (
				C313AAB02C7D008B00E2A49A /* LeaguesDetailsCollectionViewController.swift */,
				C313AADF2C7E834900E2A49A /* Cells */,
			);
			path = View;
			sourceTree = "<group>";
		};
		C313AAD52C7E25CD00E2A49A /* Models */ = {
			isa = PBXGroup;
			children = (
				C313AAD72C7E262600E2A49A /* EventsModel.swift */,
			);
			path = Models;
			sourceTree = "<group>";
		};
		C313AADB2C7E581200E2A49A /* ViewModel */ = {
			isa = PBXGroup;
			children = (
				C313AADC2C7E585300E2A49A /* DetailsViewModel.swift */,
			);
			path = ViewModel;
			sourceTree = "<group>";
		};
		C313AADE2C7E713900E2A49A /* Cells */ = {
			isa = PBXGroup;
			children = (
				C3E0E9CF2C777B1E001190E1 /* leaguesTableViewCell.swift */,
			);
			path = Cells;
			sourceTree = "<group>";
		};
		C313AADF2C7E834900E2A49A /* Cells */ = {
			isa = PBXGroup;
			children = (
				C313AAE02C7E837700E2A49A /* TitleCollectionViewCell.swift */,
				C313AAE22C7F2A8B00E2A49A /* UpComingCollectionViewCell.swift */,
				C37E6F5C2C81C4A600983868 /* LatestCollectionViewCell.swift */,
				C318E2A52C84599C00308BE3 /* TeamsCollectionViewCell.swift */,
			);
			path = Cells;
			sourceTree = "<group>";
		};
		C3567BA42C74DCAF009C54C5 /* View */ = {
			isa = PBXGroup;
			children = (
				C3579A032C74748000D7BE3E /* LaunchScreen.storyboard */,
				C35799FE2C74747E00D7BE3E /* Main.storyboard */,
			);
			path = View;
			sourceTree = "<group>";
		};
		C3567BA52C74DD0F009C54C5 /* Modules */ = {
			isa = PBXGroup;
			children = (
				C3907F2F2C8F472700F4B248 /* TeamDetails */,
				C313AAB22C7D00A400E2A49A /* leaguesDetails */,
				C3E0E9C72C774679001190E1 /* Leagues */,
				C3567BAB2C74E008009C54C5 /* Favourite */,
				C3567BA62C74DD3D009C54C5 /* Home */,
			);
			path = Modules;
			sourceTree = "<group>";
		};
		C3567BA62C74DD3D009C54C5 /* Home */ = {
			isa = PBXGroup;
			children = (
				C3E0E9B42C762C1D001190E1 /* Model */,
				C3567BA72C74DD6B009C54C5 /* viewModel */,
				C3567BA82C74DD7D009C54C5 /* view */,
			);
			path = Home;
			sourceTree = "<group>";
		};
		C3567BA72C74DD6B009C54C5 /* viewModel */ = {
			isa = PBXGroup;
			children = (
				C3E0E9B52C762E1E001190E1 /* HomeViewModel.swift */,
			);
			path = viewModel;
			sourceTree = "<group>";
		};
		C3567BA82C74DD7D009C54C5 /* view */ = {
			isa = PBXGroup;
			children = (
				C35799FC2C74747E00D7BE3E /* TabBarViewController.swift */,
				C3E0E9B02C762702001190E1 /* HomeSports.swift */,
				C3E0E9B72C763029001190E1 /* HomeCell.swift */,
			);
			path = view;
			sourceTree = "<group>";
		};
		C3567BAB2C74E008009C54C5 /* Favourite */ = {
			isa = PBXGroup;
			children = (
				C3567BAC2C74E01D009C54C5 /* viewModel */,
				C3567BAD2C74E02C009C54C5 /* View */,
			);
			path = Favourite;
			sourceTree = "<group>";
		};
		C3567BAC2C74E01D009C54C5 /* viewModel */ = {
			isa = PBXGroup;
			children = (
				C318E2A92C84BFF400308BE3 /* FavViewModel.swift */,
			);
			path = viewModel;
			sourceTree = "<group>";
		};
		C3567BAD2C74E02C009C54C5 /* View */ = {
			isa = PBXGroup;
			children = (
				C3567BAE2C74E121009C54C5 /* FavouriteViewController.swift */,
				C318E2AB2C85BE4500308BE3 /* FavouritesTableViewCell.swift */,
			);
			path = View;
			sourceTree = "<group>";
		};
		C35799EC2C74747E00D7BE3E = {
			isa = PBXGroup;
			children = (
				C35799F72C74747E00D7BE3E /* Sports_App */,
				C36B41502C934F0200CCBDBC /* Sports_AppTests */,
				C35799F62C74747E00D7BE3E /* Products */,
				07C2363300531F5770DE0A4B /* Pods */,
				46DFE2A2E6CD0D20944B417F /* Frameworks */,
			);
			sourceTree = "<group>";
		};
		C35799F62C74747E00D7BE3E /* Products */ = {
			isa = PBXGroup;
			children = (
				C35799F52C74747E00D7BE3E /* Sports_App.app */,
				C36B414F2C934F0100CCBDBC /* Sports_AppTests.xctest */,
			);
			name = Products;
			sourceTree = "<group>";
		};
		C35799F72C74747E00D7BE3E /* Sports_App */ = {
			isa = PBXGroup;
			children = (
				C3E0E9B92C7688E5001190E1 /* Services */,
				C3567BA42C74DCAF009C54C5 /* View */,
				C3567BA52C74DD0F009C54C5 /* Modules */,
				C386EB932C971646004458DB /* Core */,
				C3579A062C74748000D7BE3E /* Info.plist */,
			);
			path = Sports_App;
			sourceTree = "<group>";
		};
		C36B41432C90C9E000CCBDBC /* Model */ = {
			isa = PBXGroup;
			children = (
				C36B41442C90CA0500CCBDBC /* TeamModel.swift */,
				C36B41462C90CFAC00CCBDBC /* ViewModel */,
			);
			path = Model;
			sourceTree = "<group>";
		};
		C36B41462C90CFAC00CCBDBC /* ViewModel */ = {
			isa = PBXGroup;
			children = (
				C36B41472C90CFD000CCBDBC /* TeamDetailsViewModel.swift */,
			);
			path = ViewModel;
			sourceTree = "<group>";
		};
		C36B41502C934F0200CCBDBC /* Sports_AppTests */ = {
			isa = PBXGroup;
			children = (
				C36B41702C9644BB00CCBDBC /* RealApis */,
				C36B415C2C94F67100CCBDBC /* Mocks */,
			);
			path = Sports_AppTests;
			sourceTree = "<group>";
		};
		C36B415C2C94F67100CCBDBC /* Mocks */ = {
			isa = PBXGroup;
			children = (
				C36B415F2C95BE9B00CCBDBC /* LeaguesMock */,
				C36B41622C9626C500CCBDBC /* EventsMock */,
				C36B41692C963C1600CCBDBC /* LatestMock */,
				C36B41722C9644F000CCBDBC /* TeamDetMock */,
			);
			path = Mocks;
			sourceTree = "<group>";
		};
		C36B415F2C95BE9B00CCBDBC /* LeaguesMock */ = {
			isa = PBXGroup;
			children = (
				C36B415A2C94CB8300CCBDBC /* LeaguesMocking.swift */,
				C36B415D2C94F79A00CCBDBC /* testMockingLeagues.swift */,
			);
			path = LeaguesMock;
			sourceTree = "<group>";
		};
		C36B41622C9626C500CCBDBC /* EventsMock */ = {
			isa = PBXGroup;
			children = (
				C36B41632C9626F200CCBDBC /* EventsMocking.swift */,
				C36B41652C962F6F00CCBDBC /* testMockingEvents.swift */,
			);
			path = EventsMock;
			sourceTree = "<group>";
		};
		C36B41692C963C1600CCBDBC /* LatestMock */ = {
			isa = PBXGroup;
			children = (
				C36B416A2C963C8400CCBDBC /* LatestMocking.swift */,
				C36B416C2C963F7200CCBDBC /* testMockingLatest.swift */,
			);
			path = LatestMock;
			sourceTree = "<group>";
		};
		C36B41702C9644BB00CCBDBC /* RealApis */ = {
			isa = PBXGroup;
			children = (
				C36B41512C934F0200CCBDBC /* LeaguesTests.swift */,
				C36B41602C95DD6300CCBDBC /* EventsTests.swift */,
				C36B41672C9638BD00CCBDBC /* LatestTests.swift */,
				C36B416E2C9640F300CCBDBC /* TeamDetailsTests.swift */,
			);
			path = RealApis;
			sourceTree = "<group>";
		};
		C36B41722C9644F000CCBDBC /* TeamDetMock */ = {
			isa = PBXGroup;
			children = (
				C36B41732C96454900CCBDBC /* TeamDetMocking.swift */,
				C36B41752C96467900CCBDBC /* testMockingTeamDet.swift */,
			);
			path = TeamDetMock;
			sourceTree = "<group>";
		};
		C386EB932C971646004458DB /* Core */ = {
			isa = PBXGroup;
			children = (
				C3579A012C74748000D7BE3E /* Assets.xcassets */,
				C35799FA2C74747E00D7BE3E /* SceneDelegate.swift */,
				C35799F82C74747E00D7BE3E /* AppDelegate.swift */,
			);
			path = Core;
			sourceTree = "<group>";
		};
		C3907F2F2C8F472700F4B248 /* TeamDetails */ = {
			isa = PBXGroup;
			children = (
				C36B41432C90C9E000CCBDBC /* Model */,
				C3907F302C8F474C00F4B248 /* View */,
			);
			path = TeamDetails;
			sourceTree = "<group>";
		};
		C3907F302C8F474C00F4B248 /* View */ = {
			isa = PBXGroup;
			children = (
				C3907F352C8F938100F4B248 /* TeamDetailsTableViewController.swift */,
				C36B41492C924B9300CCBDBC /* TeamDetailsTableViewCell.swift */,
			);
			path = View;
			sourceTree = "<group>";
		};
		C3E0E9B42C762C1D001190E1 /* Model */ = {
			isa = PBXGroup;
			children = (
				C3E0E9B22C762B23001190E1 /* sportModel.swift */,
			);
			path = Model;
			sourceTree = "<group>";
		};
		C3E0E9B92C7688E5001190E1 /* Services */ = {
			isa = PBXGroup;
			children = (
				C3E0E9BB2C768909001190E1 /* Remote */,
				C3E0E9BA2C7688F5001190E1 /* Local */,
			);
			path = Services;
			sourceTree = "<group>";
		};
		C3E0E9BA2C7688F5001190E1 /* Local */ = {
			isa = PBXGroup;
			children = (
				C37E6F632C838A2200983868 /* Coredata.xcdatamodeld */,
				C318E2A72C847BF900308BE3 /* FavCoredata.swift */,
			);
			path = Local;
			sourceTree = "<group>";
		};
		C3E0E9BB2C768909001190E1 /* Remote */ = {
			isa = PBXGroup;
			children = (
				C3E0E9BC2C76893C001190E1 /* LeaguesNWService.swift */,
				C313AAD92C7E49FD00E2A49A /* EventsNWService.swift */,
				C37E6F5A2C81AEE400983868 /* LatestResultNWServices.swift */,
				C37E6F5E2C82488900983868 /* TeamsNWService.swift */,
			);
			path = Remote;
			sourceTree = "<group>";
		};
		C3E0E9BE2C768D61001190E1 /* Models */ = {
			isa = PBXGroup;
			children = (
				C3E0E9BF2C768DA7001190E1 /* SportsModels.swift */,
			);
			path = Models;
			sourceTree = "<group>";
		};
		C3E0E9C72C774679001190E1 /* Leagues */ = {
			isa = PBXGroup;
			children = (
				C3E0E9BE2C768D61001190E1 /* Models */,
				C3E0E9C92C7746B6001190E1 /* ViewModel */,
				C3E0E9C82C77469B001190E1 /* View */,
			);
			path = Leagues;
			sourceTree = "<group>";
		};
		C3E0E9C82C77469B001190E1 /* View */ = {
			isa = PBXGroup;
			children = (
				C3E0E9CA2C7746D9001190E1 /* LeaguesViewController.swift */,
				C313AADE2C7E713900E2A49A /* Cells */,
			);
			path = View;
			sourceTree = "<group>";
		};
		C3E0E9C92C7746B6001190E1 /* ViewModel */ = {
			isa = PBXGroup;
			children = (
				C3E0E9CD2C77716A001190E1 /* LeaguesViewModel.swift */,
			);
			path = ViewModel;
			sourceTree = "<group>";
		};
/* End PBXGroup section */

/* Begin PBXNativeTarget section */
		C35799F42C74747E00D7BE3E /* Sports_App */ = {
			isa = PBXNativeTarget;
			buildConfigurationList = C3579A092C74748000D7BE3E /* Build configuration list for PBXNativeTarget "Sports_App" */;
			buildPhases = (
				C1EDA7E495C27F71B1EE9A5E /* [CP] Check Pods Manifest.lock */,
				C35799F12C74747E00D7BE3E /* Sources */,
				C35799F22C74747E00D7BE3E /* Frameworks */,
				C35799F32C74747E00D7BE3E /* Resources */,
				4FF98AC50F3620FE4503451C /* [CP] Embed Pods Frameworks */,
			);
			buildRules = (
			);
			dependencies = (
			);
			name = Sports_App;
			productName = Sports_App;
			productReference = C35799F52C74747E00D7BE3E /* Sports_App.app */;
			productType = "com.apple.product-type.application";
		};
		C36B414E2C934F0100CCBDBC /* Sports_AppTests */ = {
			isa = PBXNativeTarget;
			buildConfigurationList = C36B41552C934F0200CCBDBC /* Build configuration list for PBXNativeTarget "Sports_AppTests" */;
			buildPhases = (
				C36B414B2C934F0100CCBDBC /* Sources */,
				C36B414C2C934F0100CCBDBC /* Frameworks */,
				C36B414D2C934F0100CCBDBC /* Resources */,
			);
			buildRules = (
			);
			dependencies = (
				C36B41542C934F0200CCBDBC /* PBXTargetDependency */,
			);
			name = Sports_AppTests;
			productName = Sports_AppTests;
			productReference = C36B414F2C934F0100CCBDBC /* Sports_AppTests.xctest */;
			productType = "com.apple.product-type.bundle.unit-test";
		};
/* End PBXNativeTarget section */

/* Begin PBXProject section */
		C35799ED2C74747E00D7BE3E /* Project object */ = {
			isa = PBXProject;
			attributes = {
				BuildIndependentTargetsInParallel = 1;
				LastSwiftUpdateCheck = 1420;
				LastUpgradeCheck = 1420;
				TargetAttributes = {
					C35799F42C74747E00D7BE3E = {
						CreatedOnToolsVersion = 14.2;
					};
					C36B414E2C934F0100CCBDBC = {
						CreatedOnToolsVersion = 14.2;
						TestTargetID = C35799F42C74747E00D7BE3E;
					};
				};
			};
			buildConfigurationList = C35799F02C74747E00D7BE3E /* Build configuration list for PBXProject "Sports_App" */;
			compatibilityVersion = "Xcode 14.0";
			developmentRegion = en;
			hasScannedForEncodings = 0;
			knownRegions = (
				en,
				Base,
			);
			mainGroup = C35799EC2C74747E00D7BE3E;
			productRefGroup = C35799F62C74747E00D7BE3E /* Products */;
			projectDirPath = "";
			projectRoot = "";
			targets = (
				C35799F42C74747E00D7BE3E /* Sports_App */,
				C36B414E2C934F0100CCBDBC /* Sports_AppTests */,
			);
		};
/* End PBXProject section */

/* Begin PBXResourcesBuildPhase section */
		C35799F32C74747E00D7BE3E /* Resources */ = {
			isa = PBXResourcesBuildPhase;
			buildActionMask = 2147483647;
			files = (
				C3579A052C74748000D7BE3E /* LaunchScreen.storyboard in Resources */,
				C3579A022C74748000D7BE3E /* Assets.xcassets in Resources */,
				C3579A002C74747E00D7BE3E /* Main.storyboard in Resources */,
			);
			runOnlyForDeploymentPostprocessing = 0;
		};
		C36B414D2C934F0100CCBDBC /* Resources */ = {
			isa = PBXResourcesBuildPhase;
			buildActionMask = 2147483647;
			files = (
			);
			runOnlyForDeploymentPostprocessing = 0;
		};
/* End PBXResourcesBuildPhase section */

/* Begin PBXShellScriptBuildPhase section */
		4FF98AC50F3620FE4503451C /* [CP] Embed Pods Frameworks */ = {
			isa = PBXShellScriptBuildPhase;
			buildActionMask = 2147483647;
			files = (
			);
			inputFileListPaths = (
				"${PODS_ROOT}/Target Support Files/Pods-Sports_App/Pods-Sports_App-frameworks-${CONFIGURATION}-input-files.xcfilelist",
			);
			name = "[CP] Embed Pods Frameworks";
			outputFileListPaths = (
				"${PODS_ROOT}/Target Support Files/Pods-Sports_App/Pods-Sports_App-frameworks-${CONFIGURATION}-output-files.xcfilelist",
			);
			runOnlyForDeploymentPostprocessing = 0;
			shellPath = /bin/sh;
			shellScript = "\"${PODS_ROOT}/Target Support Files/Pods-Sports_App/Pods-Sports_App-frameworks.sh\"\n";
			showEnvVarsInLog = 0;
		};
		C1EDA7E495C27F71B1EE9A5E /* [CP] Check Pods Manifest.lock */ = {
			isa = PBXShellScriptBuildPhase;
			buildActionMask = 2147483647;
			files = (
			);
			inputFileListPaths = (
			);
			inputPaths = (
				"${PODS_PODFILE_DIR_PATH}/Podfile.lock",
				"${PODS_ROOT}/Manifest.lock",
			);
			name = "[CP] Check Pods Manifest.lock";
			outputFileListPaths = (
			);
			outputPaths = (
				"$(DERIVED_FILE_DIR)/Pods-Sports_App-checkManifestLockResult.txt",
			);
			runOnlyForDeploymentPostprocessing = 0;
			shellPath = /bin/sh;
			shellScript = "diff \"${PODS_PODFILE_DIR_PATH}/Podfile.lock\" \"${PODS_ROOT}/Manifest.lock\" > /dev/null\nif [ $? != 0 ] ; then\n    # print error to STDERR\n    echo \"error: The sandbox is not in sync with the Podfile.lock. Run 'pod install' or update your CocoaPods installation.\" >&2\n    exit 1\nfi\n# This output is used by Xcode 'outputs' to avoid re-running this script phase.\necho \"SUCCESS\" > \"${SCRIPT_OUTPUT_FILE_0}\"\n";
			showEnvVarsInLog = 0;
		};
/* End PBXShellScriptBuildPhase section */

/* Begin PBXSourcesBuildPhase section */
		C35799F12C74747E00D7BE3E /* Sources */ = {
			isa = PBXSourcesBuildPhase;
			buildActionMask = 2147483647;
			files = (
				C3E0E9C02C768DA7001190E1 /* SportsModels.swift in Sources */,
				C318E2A82C847BF900308BE3 /* FavCoredata.swift in Sources */,
				C36B41452C90CA0500CCBDBC /* TeamModel.swift in Sources */,
				C36B414A2C924B9400CCBDBC /* TeamDetailsTableViewCell.swift in Sources */,
				C313AADA2C7E49FD00E2A49A /* EventsNWService.swift in Sources */,
				C35799FD2C74747E00D7BE3E /* TabBarViewController.swift in Sources */,
				C35799F92C74747E00D7BE3E /* AppDelegate.swift in Sources */,
				C3E0E9CB2C7746D9001190E1 /* LeaguesViewController.swift in Sources */,
				C37E6F652C838A2200983868 /* Coredata.xcdatamodeld in Sources */,
				C36B41482C90CFD000CCBDBC /* TeamDetailsViewModel.swift in Sources */,
				C3E0E9B62C762E1E001190E1 /* HomeViewModel.swift in Sources */,
				C3E0E9B32C762B23001190E1 /* sportModel.swift in Sources */,
				C3567BAF2C74E121009C54C5 /* FavouriteViewController.swift in Sources */,
				C318E2A62C84599C00308BE3 /* TeamsCollectionViewCell.swift in Sources */,
				C3907F362C8F938100F4B248 /* TeamDetailsTableViewController.swift in Sources */,
				C35799FB2C74747E00D7BE3E /* SceneDelegate.swift in Sources */,
				C3E0E9BD2C76893C001190E1 /* LeaguesNWService.swift in Sources */,
				C3E0E9B82C763029001190E1 /* HomeCell.swift in Sources */,
				C313AADD2C7E585300E2A49A /* DetailsViewModel.swift in Sources */,
				C37E6F5D2C81C4A600983868 /* LatestCollectionViewCell.swift in Sources */,
				C3E0E9D02C777B1E001190E1 /* leaguesTableViewCell.swift in Sources */,
				C3E0E9B12C762702001190E1 /* HomeSports.swift in Sources */,
				C313AAB12C7D008B00E2A49A /* LeaguesDetailsCollectionViewController.swift in Sources */,
				C313AAE12C7E837700E2A49A /* TitleCollectionViewCell.swift in Sources */,
				C318E2AA2C84BFF400308BE3 /* FavViewModel.swift in Sources */,
				C37E6F5B2C81AEE400983868 /* LatestResultNWServices.swift in Sources */,
				C313AAD82C7E262600E2A49A /* EventsModel.swift in Sources */,
				C37E6F5F2C82488900983868 /* TeamsNWService.swift in Sources */,
				C3E0E9CE2C77716A001190E1 /* LeaguesViewModel.swift in Sources */,
				C318E2AC2C85BE4500308BE3 /* FavouritesTableViewCell.swift in Sources */,
				C313AAE32C7F2A8B00E2A49A /* UpComingCollectionViewCell.swift in Sources */,
			);
			runOnlyForDeploymentPostprocessing = 0;
		};
		C36B414B2C934F0100CCBDBC /* Sources */ = {
			isa = PBXSourcesBuildPhase;
			buildActionMask = 2147483647;
			files = (
				C36B41682C9638BD00CCBDBC /* LatestTests.swift in Sources */,
				C36B41612C95DD6300CCBDBC /* EventsTests.swift in Sources */,
				C36B415E2C94F79A00CCBDBC /* testMockingLeagues.swift in Sources */,
				C36B41742C96454900CCBDBC /* TeamDetMocking.swift in Sources */,
				C36B416B2C963C8400CCBDBC /* LatestMocking.swift in Sources */,
				C36B41522C934F0200CCBDBC /* LeaguesTests.swift in Sources */,
				C36B41662C962F6F00CCBDBC /* testMockingEvents.swift in Sources */,
				C36B41762C96467900CCBDBC /* testMockingTeamDet.swift in Sources */,
				C36B416D2C963F7200CCBDBC /* testMockingLatest.swift in Sources */,
				C36B416F2C9640F300CCBDBC /* TeamDetailsTests.swift in Sources */,
				C36B41642C9626F200CCBDBC /* EventsMocking.swift in Sources */,
				C36B415B2C94CB8300CCBDBC /* LeaguesMocking.swift in Sources */,
			);
			runOnlyForDeploymentPostprocessing = 0;
		};
/* End PBXSourcesBuildPhase section */

/* Begin PBXTargetDependency section */
		C36B41542C934F0200CCBDBC /* PBXTargetDependency */ = {
			isa = PBXTargetDependency;
			target = C35799F42C74747E00D7BE3E /* Sports_App */;
			targetProxy = C36B41532C934F0200CCBDBC /* PBXContainerItemProxy */;
		};
/* End PBXTargetDependency section */

/* Begin PBXVariantGroup section */
		C35799FE2C74747E00D7BE3E /* Main.storyboard */ = {
			isa = PBXVariantGroup;
			children = (
				C35799FF2C74747E00D7BE3E /* Base */,
			);
			name = Main.storyboard;
			sourceTree = "<group>";
		};
		C3579A032C74748000D7BE3E /* LaunchScreen.storyboard */ = {
			isa = PBXVariantGroup;
			children = (
				C3579A042C74748000D7BE3E /* Base */,
			);
			name = LaunchScreen.storyboard;
			sourceTree = "<group>";
		};
/* End PBXVariantGroup section */

/* Begin XCBuildConfiguration section */
		C3579A072C74748000D7BE3E /* Debug */ = {
			isa = XCBuildConfiguration;
			buildSettings = {
				ALWAYS_SEARCH_USER_PATHS = NO;
				CLANG_ANALYZER_NONNULL = YES;
				CLANG_ANALYZER_NUMBER_OBJECT_CONVERSION = YES_AGGRESSIVE;
				CLANG_CXX_LANGUAGE_STANDARD = "gnu++20";
				CLANG_ENABLE_MODULES = YES;
				CLANG_ENABLE_OBJC_ARC = YES;
				CLANG_ENABLE_OBJC_WEAK = YES;
				CLANG_WARN_BLOCK_CAPTURE_AUTORELEASING = YES;
				CLANG_WARN_BOOL_CONVERSION = YES;
				CLANG_WARN_COMMA = YES;
				CLANG_WARN_CONSTANT_CONVERSION = YES;
				CLANG_WARN_DEPRECATED_OBJC_IMPLEMENTATIONS = YES;
				CLANG_WARN_DIRECT_OBJC_ISA_USAGE = YES_ERROR;
				CLANG_WARN_DOCUMENTATION_COMMENTS = YES;
				CLANG_WARN_EMPTY_BODY = YES;
				CLANG_WARN_ENUM_CONVERSION = YES;
				CLANG_WARN_INFINITE_RECURSION = YES;
				CLANG_WARN_INT_CONVERSION = YES;
				CLANG_WARN_NON_LITERAL_NULL_CONVERSION = YES;
				CLANG_WARN_OBJC_IMPLICIT_RETAIN_SELF = YES;
				CLANG_WARN_OBJC_LITERAL_CONVERSION = YES;
				CLANG_WARN_OBJC_ROOT_CLASS = YES_ERROR;
				CLANG_WARN_QUOTED_INCLUDE_IN_FRAMEWORK_HEADER = YES;
				CLANG_WARN_RANGE_LOOP_ANALYSIS = YES;
				CLANG_WARN_STRICT_PROTOTYPES = YES;
				CLANG_WARN_SUSPICIOUS_MOVE = YES;
				CLANG_WARN_UNGUARDED_AVAILABILITY = YES_AGGRESSIVE;
				CLANG_WARN_UNREACHABLE_CODE = YES;
				CLANG_WARN__DUPLICATE_METHOD_MATCH = YES;
				COPY_PHASE_STRIP = NO;
				DEBUG_INFORMATION_FORMAT = dwarf;
				ENABLE_STRICT_OBJC_MSGSEND = YES;
				ENABLE_TESTABILITY = YES;
				GCC_C_LANGUAGE_STANDARD = gnu11;
				GCC_DYNAMIC_NO_PIC = NO;
				GCC_NO_COMMON_BLOCKS = YES;
				GCC_OPTIMIZATION_LEVEL = 0;
				GCC_PREPROCESSOR_DEFINITIONS = (
					"DEBUG=1",
					"$(inherited)",
				);
				GCC_WARN_64_TO_32_BIT_CONVERSION = YES;
				GCC_WARN_ABOUT_RETURN_TYPE = YES_ERROR;
				GCC_WARN_UNDECLARED_SELECTOR = YES;
				GCC_WARN_UNINITIALIZED_AUTOS = YES_AGGRESSIVE;
				GCC_WARN_UNUSED_FUNCTION = YES;
				GCC_WARN_UNUSED_VARIABLE = YES;
				IPHONEOS_DEPLOYMENT_TARGET = 16.2;
				MTL_ENABLE_DEBUG_INFO = INCLUDE_SOURCE;
				MTL_FAST_MATH = YES;
				ONLY_ACTIVE_ARCH = YES;
				SDKROOT = iphoneos;
				SWIFT_ACTIVE_COMPILATION_CONDITIONS = DEBUG;
				SWIFT_OPTIMIZATION_LEVEL = "-Onone";
			};
			name = Debug;
		};
		C3579A082C74748000D7BE3E /* Release */ = {
			isa = XCBuildConfiguration;
			buildSettings = {
				ALWAYS_SEARCH_USER_PATHS = NO;
				CLANG_ANALYZER_NONNULL = YES;
				CLANG_ANALYZER_NUMBER_OBJECT_CONVERSION = YES_AGGRESSIVE;
				CLANG_CXX_LANGUAGE_STANDARD = "gnu++20";
				CLANG_ENABLE_MODULES = YES;
				CLANG_ENABLE_OBJC_ARC = YES;
				CLANG_ENABLE_OBJC_WEAK = YES;
				CLANG_WARN_BLOCK_CAPTURE_AUTORELEASING = YES;
				CLANG_WARN_BOOL_CONVERSION = YES;
				CLANG_WARN_COMMA = YES;
				CLANG_WARN_CONSTANT_CONVERSION = YES;
				CLANG_WARN_DEPRECATED_OBJC_IMPLEMENTATIONS = YES;
				CLANG_WARN_DIRECT_OBJC_ISA_USAGE = YES_ERROR;
				CLANG_WARN_DOCUMENTATION_COMMENTS = YES;
				CLANG_WARN_EMPTY_BODY = YES;
				CLANG_WARN_ENUM_CONVERSION = YES;
				CLANG_WARN_INFINITE_RECURSION = YES;
				CLANG_WARN_INT_CONVERSION = YES;
				CLANG_WARN_NON_LITERAL_NULL_CONVERSION = YES;
				CLANG_WARN_OBJC_IMPLICIT_RETAIN_SELF = YES;
				CLANG_WARN_OBJC_LITERAL_CONVERSION = YES;
				CLANG_WARN_OBJC_ROOT_CLASS = YES_ERROR;
				CLANG_WARN_QUOTED_INCLUDE_IN_FRAMEWORK_HEADER = YES;
				CLANG_WARN_RANGE_LOOP_ANALYSIS = YES;
				CLANG_WARN_STRICT_PROTOTYPES = YES;
				CLANG_WARN_SUSPICIOUS_MOVE = YES;
				CLANG_WARN_UNGUARDED_AVAILABILITY = YES_AGGRESSIVE;
				CLANG_WARN_UNREACHABLE_CODE = YES;
				CLANG_WARN__DUPLICATE_METHOD_MATCH = YES;
				COPY_PHASE_STRIP = NO;
				DEBUG_INFORMATION_FORMAT = "dwarf-with-dsym";
				ENABLE_NS_ASSERTIONS = NO;
				ENABLE_STRICT_OBJC_MSGSEND = YES;
				GCC_C_LANGUAGE_STANDARD = gnu11;
				GCC_NO_COMMON_BLOCKS = YES;
				GCC_WARN_64_TO_32_BIT_CONVERSION = YES;
				GCC_WARN_ABOUT_RETURN_TYPE = YES_ERROR;
				GCC_WARN_UNDECLARED_SELECTOR = YES;
				GCC_WARN_UNINITIALIZED_AUTOS = YES_AGGRESSIVE;
				GCC_WARN_UNUSED_FUNCTION = YES;
				GCC_WARN_UNUSED_VARIABLE = YES;
				IPHONEOS_DEPLOYMENT_TARGET = 16.2;
				MTL_ENABLE_DEBUG_INFO = NO;
				MTL_FAST_MATH = YES;
				SDKROOT = iphoneos;
				SWIFT_COMPILATION_MODE = wholemodule;
				SWIFT_OPTIMIZATION_LEVEL = "-O";
				VALIDATE_PRODUCT = YES;
			};
			name = Release;
		};
		C3579A0A2C74748000D7BE3E /* Debug */ = {
			isa = XCBuildConfiguration;
			baseConfigurationReference = 2A6910706DAFAF3A98FDEE69 /* Pods-Sports_App.debug.xcconfig */;
			buildSettings = {
				ASSETCATALOG_COMPILER_APPICON_NAME = AppIcon;
				ASSETCATALOG_COMPILER_GLOBAL_ACCENT_COLOR_NAME = AccentColor;
				CODE_SIGN_STYLE = Automatic;
				CURRENT_PROJECT_VERSION = 1;
				GENERATE_INFOPLIST_FILE = YES;
				INFOPLIST_FILE = Sports_App/Info.plist;
				INFOPLIST_KEY_UIApplicationSupportsIndirectInputEvents = YES;
				INFOPLIST_KEY_UILaunchStoryboardName = LaunchScreen;
				INFOPLIST_KEY_UIMainStoryboardFile = Main;
				INFOPLIST_KEY_UISupportedInterfaceOrientations_iPad = "UIInterfaceOrientationPortrait UIInterfaceOrientationPortraitUpsideDown UIInterfaceOrientationLandscapeLeft UIInterfaceOrientationLandscapeRight";
				INFOPLIST_KEY_UISupportedInterfaceOrientations_iPhone = "UIInterfaceOrientationPortrait UIInterfaceOrientationLandscapeLeft UIInterfaceOrientationLandscapeRight";
				LD_RUNPATH_SEARCH_PATHS = (
					"$(inherited)",
					"@executable_path/Frameworks",
				);
				MARKETING_VERSION = 1.0;
				PRODUCT_BUNDLE_IDENTIFIER = "iTi.Sports-App";
				PRODUCT_NAME = "$(TARGET_NAME)";
				SWIFT_EMIT_LOC_STRINGS = YES;
				SWIFT_VERSION = 5.0;
				TARGETED_DEVICE_FAMILY = "1,2";
			};
			name = Debug;
		};
		C3579A0B2C74748000D7BE3E /* Release */ = {
			isa = XCBuildConfiguration;
			baseConfigurationReference = D8FC29EF02C41D6BD34688A3 /* Pods-Sports_App.release.xcconfig */;
			buildSettings = {
				ASSETCATALOG_COMPILER_APPICON_NAME = AppIcon;
				ASSETCATALOG_COMPILER_GLOBAL_ACCENT_COLOR_NAME = AccentColor;
				CODE_SIGN_STYLE = Automatic;
				CURRENT_PROJECT_VERSION = 1;
				GENERATE_INFOPLIST_FILE = YES;
				INFOPLIST_FILE = Sports_App/Info.plist;
				INFOPLIST_KEY_UIApplicationSupportsIndirectInputEvents = YES;
				INFOPLIST_KEY_UILaunchStoryboardName = LaunchScreen;
				INFOPLIST_KEY_UIMainStoryboardFile = Main;
				INFOPLIST_KEY_UISupportedInterfaceOrientations_iPad = "UIInterfaceOrientationPortrait UIInterfaceOrientationPortraitUpsideDown UIInterfaceOrientationLandscapeLeft UIInterfaceOrientationLandscapeRight";
				INFOPLIST_KEY_UISupportedInterfaceOrientations_iPhone = "UIInterfaceOrientationPortrait UIInterfaceOrientationLandscapeLeft UIInterfaceOrientationLandscapeRight";
				LD_RUNPATH_SEARCH_PATHS = (
					"$(inherited)",
					"@executable_path/Frameworks",
				);
				MARKETING_VERSION = 1.0;
				PRODUCT_BUNDLE_IDENTIFIER = "iTi.Sports-App";
				PRODUCT_NAME = "$(TARGET_NAME)";
				SWIFT_EMIT_LOC_STRINGS = YES;
				SWIFT_VERSION = 5.0;
				TARGETED_DEVICE_FAMILY = "1,2";
			};
			name = Release;
		};
		C36B41562C934F0200CCBDBC /* Debug */ = {
			isa = XCBuildConfiguration;
			buildSettings = {
				BUNDLE_LOADER = "$(TEST_HOST)";
				CODE_SIGN_STYLE = Automatic;
				CURRENT_PROJECT_VERSION = 1;
				GENERATE_INFOPLIST_FILE = YES;
				IPHONEOS_DEPLOYMENT_TARGET = 16.2;
				MACOSX_DEPLOYMENT_TARGET = 12.6;
				MARKETING_VERSION = 1.0;
				PRODUCT_BUNDLE_IDENTIFIER = "iTi.Sports-AppTests";
				PRODUCT_NAME = "$(TARGET_NAME)";
				SDKROOT = auto;
				SUPPORTED_PLATFORMS = "iphoneos iphonesimulator macosx";
				SWIFT_EMIT_LOC_STRINGS = NO;
				SWIFT_VERSION = 5.0;
				TARGETED_DEVICE_FAMILY = "1,2";
				TEST_HOST = "$(BUILT_PRODUCTS_DIR)/Sports_App.app/$(BUNDLE_EXECUTABLE_FOLDER_PATH)/Sports_App";
			};
			name = Debug;
		};
		C36B41572C934F0200CCBDBC /* Release */ = {
			isa = XCBuildConfiguration;
			buildSettings = {
				BUNDLE_LOADER = "$(TEST_HOST)";
				CODE_SIGN_STYLE = Automatic;
				CURRENT_PROJECT_VERSION = 1;
				GENERATE_INFOPLIST_FILE = YES;
				IPHONEOS_DEPLOYMENT_TARGET = 16.2;
				MACOSX_DEPLOYMENT_TARGET = 12.6;
				MARKETING_VERSION = 1.0;
				PRODUCT_BUNDLE_IDENTIFIER = "iTi.Sports-AppTests";
				PRODUCT_NAME = "$(TARGET_NAME)";
				SDKROOT = auto;
				SUPPORTED_PLATFORMS = "iphoneos iphonesimulator macosx";
				SWIFT_EMIT_LOC_STRINGS = NO;
				SWIFT_VERSION = 5.0;
				TARGETED_DEVICE_FAMILY = "1,2";
				TEST_HOST = "$(BUILT_PRODUCTS_DIR)/Sports_App.app/$(BUNDLE_EXECUTABLE_FOLDER_PATH)/Sports_App";
			};
			name = Release;
		};
/* End XCBuildConfiguration section */

/* Begin XCConfigurationList section */
		C35799F02C74747E00D7BE3E /* Build configuration list for PBXProject "Sports_App" */ = {
			isa = XCConfigurationList;
			buildConfigurations = (
				C3579A072C74748000D7BE3E /* Debug */,
				C3579A082C74748000D7BE3E /* Release */,
			);
			defaultConfigurationIsVisible = 0;
			defaultConfigurationName = Release;
		};
		C3579A092C74748000D7BE3E /* Build configuration list for PBXNativeTarget "Sports_App" */ = {
			isa = XCConfigurationList;
			buildConfigurations = (
				C3579A0A2C74748000D7BE3E /* Debug */,
				C3579A0B2C74748000D7BE3E /* Release */,
			);
			defaultConfigurationIsVisible = 0;
			defaultConfigurationName = Release;
		};
		C36B41552C934F0200CCBDBC /* Build configuration list for PBXNativeTarget "Sports_AppTests" */ = {
			isa = XCConfigurationList;
			buildConfigurations = (
				C36B41562C934F0200CCBDBC /* Debug */,
				C36B41572C934F0200CCBDBC /* Release */,
			);
			defaultConfigurationIsVisible = 0;
			defaultConfigurationName = Release;
		};
/* End XCConfigurationList section */

/* Begin XCVersionGroup section */
		C37E6F632C838A2200983868 /* Coredata.xcdatamodeld */ = {
			isa = XCVersionGroup;
			children = (
				C37E6F642C838A2200983868 /* Coredata.xcdatamodel */,
			);
			currentVersion = C37E6F642C838A2200983868 /* Coredata.xcdatamodel */;
			path = Coredata.xcdatamodeld;
			sourceTree = "<group>";
			versionGroupType = wrapper.xcdatamodel;
		};
/* End XCVersionGroup section */
	};
	rootObject = C35799ED2C74747E00D7BE3E /* Project object */;
}
